{
  "object": {
    "pins": [
      {
        "package": "BottomSheet",
        "repositoryURL": "git@github.com:max9631/BottomSheetSwiftUI.git",
        "state": {
          "branch": "develop",
          "revision": "93ea1e662f46dc65ef2d88b9756faa51ed02d76b",
          "version": null
        }
      },
      {
        "package": "DynamicContent",
        "repositoryURL": "git@github.com:max9631/DynamicContentSwiftUI.git",
        "state": {
          "branch": "develop",
          "revision": "2dfed82654cb45f72e07ae0e2d85df4cda3083a2",
          "version": null
        }
      }
    ]
  },
  "version": 1
}
